
Microsoft Visual Studio Solution File, Format Version 12.00
# Visual Studio Version 17
VisualStudioVersion = 17.10.35027.167
MinimumVisualStudioVersion = 10.0.40219.1
Project("{FAE04EC0-301F-11D3-BF4B-00C04F79EFBC}") = "tsakosFolio", "tsakosFolio\tsakosFolio.csproj", "{75D949C2-89E5-462C-A1AC-15C1191BA780}"
EndProject
Global
	GlobalSection(SolutionConfigurationPlatforms) = preSolution
		Debug|Any CPU = Debug|Any CPU
		Release|Any CPU = Release|Any CPU
	EndGlobalSection
	GlobalSection(ProjectConfigurationPlatforms) = postSolution
		{75D949C2-89E5-462C-A1AC-15C1191BA780}.Debug|Any CPU.ActiveCfg = Debug|Any CPU
		{75D949C2-89E5-462C-A1AC-15C1191BA780}.Debug|Any CPU.Build.0 = Debug|Any CPU
		{75D949C2-89E5-462C-A1AC-15C1191BA780}.Release|Any CPU.ActiveCfg = Release|Any CPU
		{75D949C2-89E5-462C-A1AC-15C1191BA780}.Release|Any CPU.Build.0 = Release|Any CPU
	EndGlobalSection
	GlobalSection(SolutionProperties) = preSolution
		HideSolutionNode = FALSE
	EndGlobalSection
	GlobalSection(ExtensibilityGlobals) = postSolution
		SolutionGuid = {A86624C0-297E-4C4D-8943-CDF29512C6C3}
	EndGlobalSection
EndGlobal
